// !$*UTF8*$!
{
	archiveVersion = 1;
	classes = {
	};
	objectVersion = 46;
	objects = {

/* Begin PBXBuildFile section */
		68B86F1F43F943E8B732301B /* libPods-Yelp.a in Frameworks */ = {isa = PBXBuildFile; fileRef = 8B8B4BBB74494FAC92BDB5F1 /* libPods-Yelp.a */; };
		BF5B53B6194DEEE700B2A20A /* Foundation.framework in Frameworks */ = {isa = PBXBuildFile; fileRef = BF5B53B5194DEEE700B2A20A /* Foundation.framework */; };
		BF5B53B8194DEEE700B2A20A /* CoreGraphics.framework in Frameworks */ = {isa = PBXBuildFile; fileRef = BF5B53B7194DEEE700B2A20A /* CoreGraphics.framework */; };
		BF5B53BA194DEEE700B2A20A /* UIKit.framework in Frameworks */ = {isa = PBXBuildFile; fileRef = BF5B53B9194DEEE700B2A20A /* UIKit.framework */; };
		BF5B53C0194DEEE700B2A20A /* InfoPlist.strings in Resources */ = {isa = PBXBuildFile; fileRef = BF5B53BE194DEEE700B2A20A /* InfoPlist.strings */; };
		BF5B53C2194DEEE700B2A20A /* main.m in Sources */ = {isa = PBXBuildFile; fileRef = BF5B53C1194DEEE700B2A20A /* main.m */; };
		BF5B53C6194DEEE700B2A20A /* AppDelegate.m in Sources */ = {isa = PBXBuildFile; fileRef = BF5B53C5194DEEE700B2A20A /* AppDelegate.m */; };
		BF5B53C8194DEEE700B2A20A /* Images.xcassets in Resources */ = {isa = PBXBuildFile; fileRef = BF5B53C7194DEEE700B2A20A /* Images.xcassets */; };
		BF5B53CF194DEEE700B2A20A /* XCTest.framework in Frameworks */ = {isa = PBXBuildFile; fileRef = BF5B53CE194DEEE700B2A20A /* XCTest.framework */; };
		BF5B53D0194DEEE700B2A20A /* Foundation.framework in Frameworks */ = {isa = PBXBuildFile; fileRef = BF5B53B5194DEEE700B2A20A /* Foundation.framework */; };
		BF5B53D1194DEEE700B2A20A /* UIKit.framework in Frameworks */ = {isa = PBXBuildFile; fileRef = BF5B53B9194DEEE700B2A20A /* UIKit.framework */; };
		BF5B53D9194DEEE700B2A20A /* InfoPlist.strings in Resources */ = {isa = PBXBuildFile; fileRef = BF5B53D7194DEEE700B2A20A /* InfoPlist.strings */; };
		BF5B53DB194DEEE700B2A20A /* YelpTests.m in Sources */ = {isa = PBXBuildFile; fileRef = BF5B53DA194DEEE700B2A20A /* YelpTests.m */; };
		BF690376194DF00600A16B57 /* YelpClient.m in Sources */ = {isa = PBXBuildFile; fileRef = BF690375194DF00600A16B57 /* YelpClient.m */; };
		BF8795251950FDE5003B0690 /* FilterTableViewCell.m in Sources */ = {isa = PBXBuildFile; fileRef = BF8795231950FDE5003B0690 /* FilterTableViewCell.m */; };
		BF8795261950FDE5003B0690 /* FilterTableViewCell.xib in Resources */ = {isa = PBXBuildFile; fileRef = BF8795241950FDE5003B0690 /* FilterTableViewCell.xib */; };
		BF87952A1950FF5B003B0690 /* SeeAllTableViewCell.m in Sources */ = {isa = PBXBuildFile; fileRef = BF8795281950FF5B003B0690 /* SeeAllTableViewCell.m */; };
		BF87952B1950FF5B003B0690 /* SeeAllTableViewCell.xib in Resources */ = {isa = PBXBuildFile; fileRef = BF8795291950FF5B003B0690 /* SeeAllTableViewCell.xib */; };
		BF87952F1951121C003B0690 /* UIImageView+MHNetworking.m in Sources */ = {isa = PBXBuildFile; fileRef = BF87952E1951121C003B0690 /* UIImageView+MHNetworking.m */; };
		BFD8C89F194E5DDB002AB6E1 /* RestaurantTableViewCell.m in Sources */ = {isa = PBXBuildFile; fileRef = BFD8C89D194E5DDB002AB6E1 /* RestaurantTableViewCell.m */; };
		BFD8C8A0194E5DDB002AB6E1 /* RestaurantTableViewCell.xib in Resources */ = {isa = PBXBuildFile; fileRef = BFD8C89E194E5DDB002AB6E1 /* RestaurantTableViewCell.xib */; };
		BFD8C8A6194ED543002AB6E1 /* YelpManager.m in Sources */ = {isa = PBXBuildFile; fileRef = BFD8C8A5194ED543002AB6E1 /* YelpManager.m */; };
		BFD8C8AA1950029B002AB6E1 /* FilterTableViewController.m in Sources */ = {isa = PBXBuildFile; fileRef = BFD8C8A81950029B002AB6E1 /* FilterTableViewController.m */; };
		BFD8C8AB1950029B002AB6E1 /* FilterTableViewController.xib in Resources */ = {isa = PBXBuildFile; fileRef = BFD8C8A91950029B002AB6E1 /* FilterTableViewController.xib */; };
		BFD8C8AF1950BD1C002AB6E1 /* FilterGroup.m in Sources */ = {isa = PBXBuildFile; fileRef = BFD8C8AE1950BD1C002AB6E1 /* FilterGroup.m */; };
		BFD8C8B51950BE31002AB6E1 /* Filter.m in Sources */ = {isa = PBXBuildFile; fileRef = BFD8C8B41950BE31002AB6E1 /* Filter.m */; };
		BFE9E9CA194E3CF1003F9D8B /* ListTableViewController.m in Sources */ = {isa = PBXBuildFile; fileRef = BFE9E9C8194E3CF1003F9D8B /* ListTableViewController.m */; };
		BFE9E9CB194E3CF1003F9D8B /* ListTableViewController.xib in Resources */ = {isa = PBXBuildFile; fileRef = BFE9E9C9194E3CF1003F9D8B /* ListTableViewController.xib */; };
		BFE9E9D1194E3F80003F9D8B /* Constants.m in Sources */ = {isa = PBXBuildFile; fileRef = BFE9E9D0194E3F80003F9D8B /* Constants.m */; };
		BFE9E9D5194E4226003F9D8B /* Restaurant.m in Sources */ = {isa = PBXBuildFile; fileRef = BFE9E9D4194E4226003F9D8B /* Restaurant.m */; };
/* End PBXBuildFile section */

/* Begin PBXContainerItemProxy section */
		BF5B53D2194DEEE700B2A20A /* PBXContainerItemProxy */ = {
			isa = PBXContainerItemProxy;
			containerPortal = BF5B53AA194DEEE700B2A20A /* Project object */;
			proxyType = 1;
			remoteGlobalIDString = BF5B53B1194DEEE700B2A20A;
			remoteInfo = Yelp;
		};
/* End PBXContainerItemProxy section */

/* Begin PBXFileReference section */
		8B8B4BBB74494FAC92BDB5F1 /* libPods-Yelp.a */ = {isa = PBXFileReference; explicitFileType = archive.ar; includeInIndex = 0; path = "libPods-Yelp.a"; sourceTree = BUILT_PRODUCTS_DIR; };
		BF5B53B2194DEEE700B2A20A /* Yelp.app */ = {isa = PBXFileReference; explicitFileType = wrapper.application; includeInIndex = 0; path = Yelp.app; sourceTree = BUILT_PRODUCTS_DIR; };
		BF5B53B5194DEEE700B2A20A /* Foundation.framework */ = {isa = PBXFileReference; lastKnownFileType = wrapper.framework; name = Foundation.framework; path = System/Library/Frameworks/Foundation.framework; sourceTree = SDKROOT; };
		BF5B53B7194DEEE700B2A20A /* CoreGraphics.framework */ = {isa = PBXFileReference; lastKnownFileType = wrapper.framework; name = CoreGraphics.framework; path = System/Library/Frameworks/CoreGraphics.framework; sourceTree = SDKROOT; };
		BF5B53B9194DEEE700B2A20A /* UIKit.framework */ = {isa = PBXFileReference; lastKnownFileType = wrapper.framework; name = UIKit.framework; path = System/Library/Frameworks/UIKit.framework; sourceTree = SDKROOT; };
		BF5B53BD194DEEE700B2A20A /* Yelp-Info.plist */ = {isa = PBXFileReference; lastKnownFileType = text.plist.xml; path = "Yelp-Info.plist"; sourceTree = "<group>"; };
		BF5B53BF194DEEE700B2A20A /* en */ = {isa = PBXFileReference; lastKnownFileType = text.plist.strings; name = en; path = en.lproj/InfoPlist.strings; sourceTree = "<group>"; };
		BF5B53C1194DEEE700B2A20A /* main.m */ = {isa = PBXFileReference; lastKnownFileType = sourcecode.c.objc; path = main.m; sourceTree = "<group>"; };
		BF5B53C3194DEEE700B2A20A /* Yelp-Prefix.pch */ = {isa = PBXFileReference; lastKnownFileType = sourcecode.c.h; path = "Yelp-Prefix.pch"; sourceTree = "<group>"; };
		BF5B53C4194DEEE700B2A20A /* AppDelegate.h */ = {isa = PBXFileReference; lastKnownFileType = sourcecode.c.h; path = AppDelegate.h; sourceTree = "<group>"; };
		BF5B53C5194DEEE700B2A20A /* AppDelegate.m */ = {isa = PBXFileReference; lastKnownFileType = sourcecode.c.objc; path = AppDelegate.m; sourceTree = "<group>"; };
		BF5B53C7194DEEE700B2A20A /* Images.xcassets */ = {isa = PBXFileReference; lastKnownFileType = folder.assetcatalog; path = Images.xcassets; sourceTree = "<group>"; };
		BF5B53CD194DEEE700B2A20A /* YelpTests.xctest */ = {isa = PBXFileReference; explicitFileType = wrapper.cfbundle; includeInIndex = 0; path = YelpTests.xctest; sourceTree = BUILT_PRODUCTS_DIR; };
		BF5B53CE194DEEE700B2A20A /* XCTest.framework */ = {isa = PBXFileReference; lastKnownFileType = wrapper.framework; name = XCTest.framework; path = Library/Frameworks/XCTest.framework; sourceTree = DEVELOPER_DIR; };
		BF5B53D6194DEEE700B2A20A /* YelpTests-Info.plist */ = {isa = PBXFileReference; lastKnownFileType = text.plist.xml; path = "YelpTests-Info.plist"; sourceTree = "<group>"; };
		BF5B53D8194DEEE700B2A20A /* en */ = {isa = PBXFileReference; lastKnownFileType = text.plist.strings; name = en; path = en.lproj/InfoPlist.strings; sourceTree = "<group>"; };
		BF5B53DA194DEEE700B2A20A /* YelpTests.m */ = {isa = PBXFileReference; lastKnownFileType = sourcecode.c.objc; path = YelpTests.m; sourceTree = "<group>"; };
		BF690374194DF00600A16B57 /* YelpClient.h */ = {isa = PBXFileReference; fileEncoding = 4; lastKnownFileType = sourcecode.c.h; path = YelpClient.h; sourceTree = "<group>"; };
		BF690375194DF00600A16B57 /* YelpClient.m */ = {isa = PBXFileReference; fileEncoding = 4; lastKnownFileType = sourcecode.c.objc; path = YelpClient.m; sourceTree = "<group>"; };
		BF8795221950FDE5003B0690 /* FilterTableViewCell.h */ = {isa = PBXFileReference; fileEncoding = 4; lastKnownFileType = sourcecode.c.h; path = FilterTableViewCell.h; sourceTree = "<group>"; };
		BF8795231950FDE5003B0690 /* FilterTableViewCell.m */ = {isa = PBXFileReference; fileEncoding = 4; lastKnownFileType = sourcecode.c.objc; path = FilterTableViewCell.m; sourceTree = "<group>"; };
		BF8795241950FDE5003B0690 /* FilterTableViewCell.xib */ = {isa = PBXFileReference; fileEncoding = 4; lastKnownFileType = file.xib; path = FilterTableViewCell.xib; sourceTree = "<group>"; };
		BF8795271950FF5B003B0690 /* SeeAllTableViewCell.h */ = {isa = PBXFileReference; fileEncoding = 4; lastKnownFileType = sourcecode.c.h; path = SeeAllTableViewCell.h; sourceTree = "<group>"; };
		BF8795281950FF5B003B0690 /* SeeAllTableViewCell.m */ = {isa = PBXFileReference; fileEncoding = 4; lastKnownFileType = sourcecode.c.objc; path = SeeAllTableViewCell.m; sourceTree = "<group>"; };
		BF8795291950FF5B003B0690 /* SeeAllTableViewCell.xib */ = {isa = PBXFileReference; fileEncoding = 4; lastKnownFileType = file.xib; path = SeeAllTableViewCell.xib; sourceTree = "<group>"; };
		BF87952D1951121C003B0690 /* UIImageView+MHNetworking.h */ = {isa = PBXFileReference; fileEncoding = 4; lastKnownFileType = sourcecode.c.h; path = "UIImageView+MHNetworking.h"; sourceTree = "<group>"; };
		BF87952E1951121C003B0690 /* UIImageView+MHNetworking.m */ = {isa = PBXFileReference; fileEncoding = 4; lastKnownFileType = sourcecode.c.objc; path = "UIImageView+MHNetworking.m"; sourceTree = "<group>"; };
		BFD8C89C194E5DDB002AB6E1 /* RestaurantTableViewCell.h */ = {isa = PBXFileReference; fileEncoding = 4; lastKnownFileType = sourcecode.c.h; path = RestaurantTableViewCell.h; sourceTree = "<group>"; };
		BFD8C89D194E5DDB002AB6E1 /* RestaurantTableViewCell.m */ = {isa = PBXFileReference; fileEncoding = 4; lastKnownFileType = sourcecode.c.objc; path = RestaurantTableViewCell.m; sourceTree = "<group>"; };
		BFD8C89E194E5DDB002AB6E1 /* RestaurantTableViewCell.xib */ = {isa = PBXFileReference; fileEncoding = 4; lastKnownFileType = file.xib; path = RestaurantTableViewCell.xib; sourceTree = "<group>"; };
		BFD8C8A4194ED543002AB6E1 /* YelpManager.h */ = {isa = PBXFileReference; fileEncoding = 4; lastKnownFileType = sourcecode.c.h; path = YelpManager.h; sourceTree = "<group>"; };
		BFD8C8A5194ED543002AB6E1 /* YelpManager.m */ = {isa = PBXFileReference; fileEncoding = 4; lastKnownFileType = sourcecode.c.objc; path = YelpManager.m; sourceTree = "<group>"; };
		BFD8C8A71950029B002AB6E1 /* FilterTableViewController.h */ = {isa = PBXFileReference; fileEncoding = 4; lastKnownFileType = sourcecode.c.h; path = FilterTableViewController.h; sourceTree = "<group>"; };
		BFD8C8A81950029B002AB6E1 /* FilterTableViewController.m */ = {isa = PBXFileReference; fileEncoding = 4; lastKnownFileType = sourcecode.c.objc; path = FilterTableViewController.m; sourceTree = "<group>"; };
		BFD8C8A91950029B002AB6E1 /* FilterTableViewController.xib */ = {isa = PBXFileReference; fileEncoding = 4; lastKnownFileType = file.xib; path = FilterTableViewController.xib; sourceTree = "<group>"; };
		BFD8C8AD1950BD1C002AB6E1 /* FilterGroup.h */ = {isa = PBXFileReference; fileEncoding = 4; lastKnownFileType = sourcecode.c.h; path = FilterGroup.h; sourceTree = "<group>"; };
		BFD8C8AE1950BD1C002AB6E1 /* FilterGroup.m */ = {isa = PBXFileReference; fileEncoding = 4; lastKnownFileType = sourcecode.c.objc; path = FilterGroup.m; sourceTree = "<group>"; };
		BFD8C8B31950BE31002AB6E1 /* Filter.h */ = {isa = PBXFileReference; fileEncoding = 4; lastKnownFileType = sourcecode.c.h; path = Filter.h; sourceTree = "<group>"; };
		BFD8C8B41950BE31002AB6E1 /* Filter.m */ = {isa = PBXFileReference; fileEncoding = 4; lastKnownFileType = sourcecode.c.objc; path = Filter.m; sourceTree = "<group>"; };
		BFE9E9C7194E3CF1003F9D8B /* ListTableViewController.h */ = {isa = PBXFileReference; fileEncoding = 4; lastKnownFileType = sourcecode.c.h; path = ListTableViewController.h; sourceTree = "<group>"; };
		BFE9E9C8194E3CF1003F9D8B /* ListTableViewController.m */ = {isa = PBXFileReference; fileEncoding = 4; lastKnownFileType = sourcecode.c.objc; path = ListTableViewController.m; sourceTree = "<group>"; };
		BFE9E9C9194E3CF1003F9D8B /* ListTableViewController.xib */ = {isa = PBXFileReference; fileEncoding = 4; lastKnownFileType = file.xib; path = ListTableViewController.xib; sourceTree = "<group>"; };
		BFE9E9CF194E3F80003F9D8B /* Constants.h */ = {isa = PBXFileReference; fileEncoding = 4; lastKnownFileType = sourcecode.c.h; path = Constants.h; sourceTree = "<group>"; };
		BFE9E9D0194E3F80003F9D8B /* Constants.m */ = {isa = PBXFileReference; fileEncoding = 4; lastKnownFileType = sourcecode.c.objc; path = Constants.m; sourceTree = "<group>"; };
		BFE9E9D3194E4226003F9D8B /* Restaurant.h */ = {isa = PBXFileReference; fileEncoding = 4; lastKnownFileType = sourcecode.c.h; path = Restaurant.h; sourceTree = "<group>"; };
		BFE9E9D4194E4226003F9D8B /* Restaurant.m */ = {isa = PBXFileReference; fileEncoding = 4; lastKnownFileType = sourcecode.c.objc; path = Restaurant.m; sourceTree = "<group>"; };
		EC0990EC18274DDEAEA96463 /* Pods-Yelp.xcconfig */ = {isa = PBXFileReference; includeInIndex = 1; lastKnownFileType = text.xcconfig; name = "Pods-Yelp.xcconfig"; path = "Pods/Pods-Yelp.xcconfig"; sourceTree = "<group>"; };
/* End PBXFileReference section */

/* Begin PBXFrameworksBuildPhase section */
		BF5B53AF194DEEE700B2A20A /* Frameworks */ = {
			isa = PBXFrameworksBuildPhase;
			buildActionMask = 2147483647;
			files = (
				BF5B53B8194DEEE700B2A20A /* CoreGraphics.framework in Frameworks */,
				BF5B53BA194DEEE700B2A20A /* UIKit.framework in Frameworks */,
				BF5B53B6194DEEE700B2A20A /* Foundation.framework in Frameworks */,
				68B86F1F43F943E8B732301B /* libPods-Yelp.a in Frameworks */,
			);
			runOnlyForDeploymentPostprocessing = 0;
		};
		BF5B53CA194DEEE700B2A20A /* Frameworks */ = {
			isa = PBXFrameworksBuildPhase;
			buildActionMask = 2147483647;
			files = (
				BF5B53CF194DEEE700B2A20A /* XCTest.framework in Frameworks */,
				BF5B53D1194DEEE700B2A20A /* UIKit.framework in Frameworks */,
				BF5B53D0194DEEE700B2A20A /* Foundation.framework in Frameworks */,
			);
			runOnlyForDeploymentPostprocessing = 0;
		};
/* End PBXFrameworksBuildPhase section */

/* Begin PBXGroup section */
		BF5B53A9194DEEE700B2A20A = {
			isa = PBXGroup;
			children = (
				BF5B53BB194DEEE700B2A20A /* Yelp */,
				BF5B53D4194DEEE700B2A20A /* YelpTests */,
				BF5B53B4194DEEE700B2A20A /* Frameworks */,
				BF5B53B3194DEEE700B2A20A /* Products */,
				EC0990EC18274DDEAEA96463 /* Pods-Yelp.xcconfig */,
			);
			sourceTree = "<group>";
		};
		BF5B53B3194DEEE700B2A20A /* Products */ = {
			isa = PBXGroup;
			children = (
				BF5B53B2194DEEE700B2A20A /* Yelp.app */,
				BF5B53CD194DEEE700B2A20A /* YelpTests.xctest */,
			);
			name = Products;
			sourceTree = "<group>";
		};
		BF5B53B4194DEEE700B2A20A /* Frameworks */ = {
			isa = PBXGroup;
			children = (
				BF5B53B5194DEEE700B2A20A /* Foundation.framework */,
				BF5B53B7194DEEE700B2A20A /* CoreGraphics.framework */,
				BF5B53B9194DEEE700B2A20A /* UIKit.framework */,
				BF5B53CE194DEEE700B2A20A /* XCTest.framework */,
				8B8B4BBB74494FAC92BDB5F1 /* libPods-Yelp.a */,
			);
			name = Frameworks;
			sourceTree = "<group>";
		};
		BF5B53BB194DEEE700B2A20A /* Yelp */ = {
			isa = PBXGroup;
			children = (
				BF87952C195111F6003B0690 /* Categories */,
				BFD8C8AC1950BD09002AB6E1 /* Filters */,
				BFD8C89B194E5DA5002AB6E1 /* Views */,
				BFE9E9D2194E4202003F9D8B /* Models */,
				BFE9E9CF194E3F80003F9D8B /* Constants.h */,
				BFE9E9D0194E3F80003F9D8B /* Constants.m */,
				BF69037C194E3C7600A16B57 /* View Controllers */,
				BF5B53C4194DEEE700B2A20A /* AppDelegate.h */,
				BF5B53C5194DEEE700B2A20A /* AppDelegate.m */,
				BF5B53C7194DEEE700B2A20A /* Images.xcassets */,
				BF5B53BC194DEEE700B2A20A /* Supporting Files */,
				BF690374194DF00600A16B57 /* YelpClient.h */,
				BF690375194DF00600A16B57 /* YelpClient.m */,
				BFD8C8A4194ED543002AB6E1 /* YelpManager.h */,
				BFD8C8A5194ED543002AB6E1 /* YelpManager.m */,
			);
			path = Yelp;
			sourceTree = "<group>";
		};
		BF5B53BC194DEEE700B2A20A /* Supporting Files */ = {
			isa = PBXGroup;
			children = (
				BF5B53BD194DEEE700B2A20A /* Yelp-Info.plist */,
				BF5B53BE194DEEE700B2A20A /* InfoPlist.strings */,
				BF5B53C1194DEEE700B2A20A /* main.m */,
				BF5B53C3194DEEE700B2A20A /* Yelp-Prefix.pch */,
			);
			name = "Supporting Files";
			sourceTree = "<group>";
		};
		BF5B53D4194DEEE700B2A20A /* YelpTests */ = {
			isa = PBXGroup;
			children = (
				BF5B53DA194DEEE700B2A20A /* YelpTests.m */,
				BF5B53D5194DEEE700B2A20A /* Supporting Files */,
			);
			path = YelpTests;
			sourceTree = "<group>";
		};
		BF5B53D5194DEEE700B2A20A /* Supporting Files */ = {
			isa = PBXGroup;
			children = (
				BF5B53D6194DEEE700B2A20A /* YelpTests-Info.plist */,
				BF5B53D7194DEEE700B2A20A /* InfoPlist.strings */,
			);
			name = "Supporting Files";
			sourceTree = "<group>";
		};
		BF69037C194E3C7600A16B57 /* View Controllers */ = {
			isa = PBXGroup;
			children = (
				BFE9E9C7194E3CF1003F9D8B /* ListTableViewController.h */,
				BFE9E9C8194E3CF1003F9D8B /* ListTableViewController.m */,
				BFE9E9C9194E3CF1003F9D8B /* ListTableViewController.xib */,
				BFD8C8A71950029B002AB6E1 /* FilterTableViewController.h */,
				BFD8C8A81950029B002AB6E1 /* FilterTableViewController.m */,
				BFD8C8A91950029B002AB6E1 /* FilterTableViewController.xib */,
			);
			name = "View Controllers";
			sourceTree = "<group>";
		};
		BF87952C195111F6003B0690 /* Categories */ = {
			isa = PBXGroup;
			children = (
				BF87952D1951121C003B0690 /* UIImageView+MHNetworking.h */,
				BF87952E1951121C003B0690 /* UIImageView+MHNetworking.m */,
			);
			name = Categories;
			sourceTree = "<group>";
		};
		BFD8C89B194E5DA5002AB6E1 /* Views */ = {
			isa = PBXGroup;
			children = (
				BFD8C89C194E5DDB002AB6E1 /* RestaurantTableViewCell.h */,
				BFD8C89D194E5DDB002AB6E1 /* RestaurantTableViewCell.m */,
				BFD8C89E194E5DDB002AB6E1 /* RestaurantTableViewCell.xib */,
				BF8795221950FDE5003B0690 /* FilterTableViewCell.h */,
				BF8795231950FDE5003B0690 /* FilterTableViewCell.m */,
				BF8795241950FDE5003B0690 /* FilterTableViewCell.xib */,
				BF8795271950FF5B003B0690 /* SeeAllTableViewCell.h */,
				BF8795281950FF5B003B0690 /* SeeAllTableViewCell.m */,
				BF8795291950FF5B003B0690 /* SeeAllTableViewCell.xib */,
			);
			name = Views;
			sourceTree = "<group>";
		};
		BFD8C8AC1950BD09002AB6E1 /* Filters */ = {
			isa = PBXGroup;
			children = (
				BFD8C8AD1950BD1C002AB6E1 /* FilterGroup.h */,
				BFD8C8AE1950BD1C002AB6E1 /* FilterGroup.m */,
				BFD8C8B31950BE31002AB6E1 /* Filter.h */,
				BFD8C8B41950BE31002AB6E1 /* Filter.m */,
			);
			name = Filters;
			sourceTree = "<group>";
		};
		BFE9E9D2194E4202003F9D8B /* Models */ = {
			isa = PBXGroup;
			children = (
				BFE9E9D3194E4226003F9D8B /* Restaurant.h */,
				BFE9E9D4194E4226003F9D8B /* Restaurant.m */,
			);
			name = Models;
			sourceTree = "<group>";
		};
/* End PBXGroup section */

/* Begin PBXNativeTarget section */
		BF5B53B1194DEEE700B2A20A /* Yelp */ = {
			isa = PBXNativeTarget;
			buildConfigurationList = BF5B53DE194DEEE700B2A20A /* Build configuration list for PBXNativeTarget "Yelp" */;
			buildPhases = (
				BA187CE288DC4C908CD810FB /* Check Pods Manifest.lock */,
				BF5B53AE194DEEE700B2A20A /* Sources */,
				BF5B53AF194DEEE700B2A20A /* Frameworks */,
				BF5B53B0194DEEE700B2A20A /* Resources */,
				738C78D7B8394D41A2F9254D /* Copy Pods Resources */,
			);
			buildRules = (
			);
			dependencies = (
			);
			name = Yelp;
			productName = Yelp;
			productReference = BF5B53B2194DEEE700B2A20A /* Yelp.app */;
			productType = "com.apple.product-type.application";
		};
		BF5B53CC194DEEE700B2A20A /* YelpTests */ = {
			isa = PBXNativeTarget;
			buildConfigurationList = BF5B53E1194DEEE700B2A20A /* Build configuration list for PBXNativeTarget "YelpTests" */;
			buildPhases = (
				BF5B53C9194DEEE700B2A20A /* Sources */,
				BF5B53CA194DEEE700B2A20A /* Frameworks */,
				BF5B53CB194DEEE700B2A20A /* Resources */,
			);
			buildRules = (
			);
			dependencies = (
				BF5B53D3194DEEE700B2A20A /* PBXTargetDependency */,
			);
			name = YelpTests;
			productName = YelpTests;
			productReference = BF5B53CD194DEEE700B2A20A /* YelpTests.xctest */;
			productType = "com.apple.product-type.bundle.unit-test";
		};
/* End PBXNativeTarget section */

/* Begin PBXProject section */
		BF5B53AA194DEEE700B2A20A /* Project object */ = {
			isa = PBXProject;
			attributes = {
				LastUpgradeCheck = 0510;
				ORGANIZATIONNAME = "Michael Hahn";
				TargetAttributes = {
					BF5B53CC194DEEE700B2A20A = {
						TestTargetID = BF5B53B1194DEEE700B2A20A;
					};
				};
			};
			buildConfigurationList = BF5B53AD194DEEE700B2A20A /* Build configuration list for PBXProject "Yelp" */;
			compatibilityVersion = "Xcode 3.2";
			developmentRegion = English;
			hasScannedForEncodings = 0;
			knownRegions = (
				en,
			);
			mainGroup = BF5B53A9194DEEE700B2A20A;
			productRefGroup = BF5B53B3194DEEE700B2A20A /* Products */;
			projectDirPath = "";
			projectRoot = "";
			targets = (
				BF5B53B1194DEEE700B2A20A /* Yelp */,
				BF5B53CC194DEEE700B2A20A /* YelpTests */,
			);
		};
/* End PBXProject section */

/* Begin PBXResourcesBuildPhase section */
		BF5B53B0194DEEE700B2A20A /* Resources */ = {
			isa = PBXResourcesBuildPhase;
			buildActionMask = 2147483647;
			files = (
				BF87952B1950FF5B003B0690 /* SeeAllTableViewCell.xib in Resources */,
				BFD8C8A0194E5DDB002AB6E1 /* RestaurantTableViewCell.xib in Resources */,
				BF8795261950FDE5003B0690 /* FilterTableViewCell.xib in Resources */,
				BF5B53C0194DEEE700B2A20A /* InfoPlist.strings in Resources */,
				BF5B53C8194DEEE700B2A20A /* Images.xcassets in Resources */,
				BFD8C8AB1950029B002AB6E1 /* FilterTableViewController.xib in Resources */,
				BFE9E9CB194E3CF1003F9D8B /* ListTableViewController.xib in Resources */,
			);
			runOnlyForDeploymentPostprocessing = 0;
		};
		BF5B53CB194DEEE700B2A20A /* Resources */ = {
			isa = PBXResourcesBuildPhase;
			buildActionMask = 2147483647;
			files = (
				BF5B53D9194DEEE700B2A20A /* InfoPlist.strings in Resources */,
			);
			runOnlyForDeploymentPostprocessing = 0;
		};
/* End PBXResourcesBuildPhase section */

/* Begin PBXShellScriptBuildPhase section */
		738C78D7B8394D41A2F9254D /* Copy Pods Resources */ = {
			isa = PBXShellScriptBuildPhase;
			buildActionMask = 2147483647;
			files = (
			);
			inputPaths = (
			);
			name = "Copy Pods Resources";
			outputPaths = (
			);
			runOnlyForDeploymentPostprocessing = 0;
			shellPath = /bin/sh;
			shellScript = "\"${SRCROOT}/Pods/Pods-Yelp-resources.sh\"\n";
			showEnvVarsInLog = 0;
		};
		BA187CE288DC4C908CD810FB /* Check Pods Manifest.lock */ = {
			isa = PBXShellScriptBuildPhase;
			buildActionMask = 2147483647;
			files = (
			);
			inputPaths = (
			);
			name = "Check Pods Manifest.lock";
			outputPaths = (
			);
			runOnlyForDeploymentPostprocessing = 0;
			shellPath = /bin/sh;
			shellScript = "diff \"${PODS_ROOT}/../Podfile.lock\" \"${PODS_ROOT}/Manifest.lock\" > /dev/null\nif [[ $? != 0 ]] ; then\n    cat << EOM\nerror: The sandbox is not in sync with the Podfile.lock. Run 'pod install' or update your CocoaPods installation.\nEOM\n    exit 1\nfi\n";
			showEnvVarsInLog = 0;
		};
/* End PBXShellScriptBuildPhase section */

/* Begin PBXSourcesBuildPhase section */
		BF5B53AE194DEEE700B2A20A /* Sources */ = {
			isa = PBXSourcesBuildPhase;
			buildActionMask = 2147483647;
			files = (
				BF5B53C6194DEEE700B2A20A /* AppDelegate.m in Sources */,
				BF5B53C2194DEEE700B2A20A /* main.m in Sources */,
				BFD8C8B51950BE31002AB6E1 /* Filter.m in Sources */,
				BFD8C89F194E5DDB002AB6E1 /* RestaurantTableViewCell.m in Sources */,
				BF690376194DF00600A16B57 /* YelpClient.m in Sources */,
				BF87952F1951121C003B0690 /* UIImageView+MHNetworking.m in Sources */,
				BFE9E9CA194E3CF1003F9D8B /* ListTableViewController.m in Sources */,
				BFD8C8A6194ED543002AB6E1 /* YelpManager.m in Sources */,
				BFD8C8AA1950029B002AB6E1 /* FilterTableViewController.m in Sources */,
				BF87952A1950FF5B003B0690 /* SeeAllTableViewCell.m in Sources */,
				BFE9E9D5194E4226003F9D8B /* Restaurant.m in Sources */,
				BF8795251950FDE5003B0690 /* FilterTableViewCell.m in Sources */,
				BFE9E9D1194E3F80003F9D8B /* Constants.m in Sources */,
				BFD8C8AF1950BD1C002AB6E1 /* FilterGroup.m in Sources */,
			);
			runOnlyForDeploymentPostprocessing = 0;
		};
		BF5B53C9194DEEE700B2A20A /* Sources */ = {
			isa = PBXSourcesBuildPhase;
			buildActionMask = 2147483647;
			files = (
				BF5B53DB194DEEE700B2A20A /* YelpTests.m in Sources */,
			);
			runOnlyForDeploymentPostprocessing = 0;
		};
/* End PBXSourcesBuildPhase section */

/* Begin PBXTargetDependency section */
		BF5B53D3194DEEE700B2A20A /* PBXTargetDependency */ = {
			isa = PBXTargetDependency;
			target = BF5B53B1194DEEE700B2A20A /* Yelp */;
			targetProxy = BF5B53D2194DEEE700B2A20A /* PBXContainerItemProxy */;
		};
/* End PBXTargetDependency section */

/* Begin PBXVariantGroup section */
		BF5B53BE194DEEE700B2A20A /* InfoPlist.strings */ = {
			isa = PBXVariantGroup;
			children = (
				BF5B53BF194DEEE700B2A20A /* en */,
			);
			name = InfoPlist.strings;
			sourceTree = "<group>";
		};
		BF5B53D7194DEEE700B2A20A /* InfoPlist.strings */ = {
			isa = PBXVariantGroup;
			children = (
				BF5B53D8194DEEE700B2A20A /* en */,
			);
			name = InfoPlist.strings;
			sourceTree = "<group>";
		};
/* End PBXVariantGroup section */

/* Begin XCBuildConfiguration section */
		BF5B53DC194DEEE700B2A20A /* Debug */ = {
			isa = XCBuildConfiguration;
			buildSettings = {
				ALWAYS_SEARCH_USER_PATHS = NO;
				CLANG_CXX_LANGUAGE_STANDARD = "gnu++0x";
				CLANG_CXX_LIBRARY = "libc++";
				CLANG_ENABLE_MODULES = YES;
				CLANG_ENABLE_OBJC_ARC = YES;
				CLANG_WARN_BOOL_CONVERSION = YES;
				CLANG_WARN_CONSTANT_CONVERSION = YES;
				CLANG_WARN_DIRECT_OBJC_ISA_USAGE = YES_ERROR;
				CLANG_WARN_EMPTY_BODY = YES;
				CLANG_WARN_ENUM_CONVERSION = YES;
				CLANG_WARN_INT_CONVERSION = YES;
				CLANG_WARN_OBJC_ROOT_CLASS = YES_ERROR;
				CLANG_WARN__DUPLICATE_METHOD_MATCH = YES;
				"CODE_SIGN_IDENTITY[sdk=iphoneos*]" = "iPhone Developer";
				COPY_PHASE_STRIP = NO;
				GCC_C_LANGUAGE_STANDARD = gnu99;
				GCC_DYNAMIC_NO_PIC = NO;
				GCC_OPTIMIZATION_LEVEL = 0;
				GCC_PREPROCESSOR_DEFINITIONS = (
					"DEBUG=1",
					"$(inherited)",
				);
				GCC_SYMBOLS_PRIVATE_EXTERN = NO;
				GCC_WARN_64_TO_32_BIT_CONVERSION = YES;
				GCC_WARN_ABOUT_RETURN_TYPE = YES_ERROR;
				GCC_WARN_UNDECLARED_SELECTOR = YES;
				GCC_WARN_UNINITIALIZED_AUTOS = YES_AGGRESSIVE;
				GCC_WARN_UNUSED_FUNCTION = YES;
				GCC_WARN_UNUSED_VARIABLE = YES;
				IPHONEOS_DEPLOYMENT_TARGET = 7.1;
				ONLY_ACTIVE_ARCH = YES;
				SDKROOT = iphoneos;
			};
			name = Debug;
		};
		BF5B53DD194DEEE700B2A20A /* Release */ = {
			isa = XCBuildConfiguration;
			buildSettings = {
				ALWAYS_SEARCH_USER_PATHS = NO;
				CLANG_CXX_LANGUAGE_STANDARD = "gnu++0x";
				CLANG_CXX_LIBRARY = "libc++";
				CLANG_ENABLE_MODULES = YES;
				CLANG_ENABLE_OBJC_ARC = YES;
				CLANG_WARN_BOOL_CONVERSION = YES;
				CLANG_WARN_CONSTANT_CONVERSION = YES;
				CLANG_WARN_DIRECT_OBJC_ISA_USAGE = YES_ERROR;
				CLANG_WARN_EMPTY_BODY = YES;
				CLANG_WARN_ENUM_CONVERSION = YES;
				CLANG_WARN_INT_CONVERSION = YES;
				CLANG_WARN_OBJC_ROOT_CLASS = YES_ERROR;
				CLANG_WARN__DUPLICATE_METHOD_MATCH = YES;
				"CODE_SIGN_IDENTITY[sdk=iphoneos*]" = "iPhone Developer";
				COPY_PHASE_STRIP = YES;
				ENABLE_NS_ASSERTIONS = NO;
				GCC_C_LANGUAGE_STANDARD = gnu99;
				GCC_WARN_64_TO_32_BIT_CONVERSION = YES;
				GCC_WARN_ABOUT_RETURN_TYPE = YES_ERROR;
				GCC_WARN_UNDECLARED_SELECTOR = YES;
				GCC_WARN_UNINITIALIZED_AUTOS = YES_AGGRESSIVE;
				GCC_WARN_UNUSED_FUNCTION = YES;
				GCC_WARN_UNUSED_VARIABLE = YES;
				IPHONEOS_DEPLOYMENT_TARGET = 7.1;
				SDKROOT = iphoneos;
				VALIDATE_PRODUCT = YES;
			};
			name = Release;
		};
		BF5B53DF194DEEE700B2A20A /* Debug */ = {
			isa = XCBuildConfiguration;
			baseConfigurationReference = EC0990EC18274DDEAEA96463 /* Pods-Yelp.xcconfig */;
			buildSettings = {
				ASSETCATALOG_COMPILER_APPICON_NAME = AppIcon;
				ASSETCATALOG_COMPILER_LAUNCHIMAGE_NAME = LaunchImage;
				GCC_PRECOMPILE_PREFIX_HEADER = YES;
				GCC_PREFIX_HEADER = "Yelp/Yelp-Prefix.pch";
				INFOPLIST_FILE = "Yelp/Yelp-Info.plist";
				PRODUCT_NAME = "$(TARGET_NAME)";
				WRAPPER_EXTENSION = app;
			};
			name = Debug;
		};
		BF5B53E0194DEEE700B2A20A /* Release */ = {
			isa = XCBuildConfiguration;
			baseConfigurationReference = EC0990EC18274DDEAEA96463 /* Pods-Yelp.xcconfig */;
			buildSettings = {
				ASSETCATALOG_COMPILER_APPICON_NAME = AppIcon;
				ASSETCATALOG_COMPILER_LAUNCHIMAGE_NAME = LaunchImage;
				GCC_PRECOMPILE_PREFIX_HEADER = YES;
				GCC_PREFIX_HEADER = "Yelp/Yelp-Prefix.pch";
				INFOPLIST_FILE = "Yelp/Yelp-Info.plist";
				PRODUCT_NAME = "$(TARGET_NAME)";
				WRAPPER_EXTENSION = app;
			};
			name = Release;
		};
		BF5B53E2194DEEE700B2A20A /* Debug */ = {
			isa = XCBuildConfiguration;
			buildSettings = {
				BUNDLE_LOADER = "$(BUILT_PRODUCTS_DIR)/Yelp.app/Yelp";
				FRAMEWORK_SEARCH_PATHS = (
					"$(SDKROOT)/Developer/Library/Frameworks",
					"$(inherited)",
					"$(DEVELOPER_FRAMEWORKS_DIR)",
				);
				GCC_PRECOMPILE_PREFIX_HEADER = YES;
				GCC_PREFIX_HEADER = "Yelp/Yelp-Prefix.pch";
				GCC_PREPROCESSOR_DEFINITIONS = (
					"DEBUG=1",
					"$(inherited)",
				);
				INFOPLIST_FILE = "YelpTests/YelpTests-Info.plist";
				PRODUCT_NAME = "$(TARGET_NAME)";
				TEST_HOST = "$(BUNDLE_LOADER)";
				WRAPPER_EXTENSION = xctest;
			};
			name = Debug;
		};
		BF5B53E3194DEEE700B2A20A /* Release */ = {
			isa = XCBuildConfiguration;
			buildSettings = {
				BUNDLE_LOADER = "$(BUILT_PRODUCTS_DIR)/Yelp.app/Yelp";
				FRAMEWORK_SEARCH_PATHS = (
					"$(SDKROOT)/Developer/Library/Frameworks",
					"$(inherited)",
					"$(DEVELOPER_FRAMEWORKS_DIR)",
				);
				GCC_PRECOMPILE_PREFIX_HEADER = YES;
				GCC_PREFIX_HEADER = "Yelp/Yelp-Prefix.pch";
				INFOPLIST_FILE = "YelpTests/YelpTests-Info.plist";
				PRODUCT_NAME = "$(TARGET_NAME)";
				TEST_HOST = "$(BUNDLE_LOADER)";
				WRAPPER_EXTENSION = xctest;
			};
			name = Release;
		};
/* End XCBuildConfiguration section */

/* Begin XCConfigurationList section */
		BF5B53AD194DEEE700B2A20A /* Build configuration list for PBXProject "Yelp" */ = {
			isa = XCConfigurationList;
			buildConfigurations = (
				BF5B53DC194DEEE700B2A20A /* Debug */,
				BF5B53DD194DEEE700B2A20A /* Release */,
			);
			defaultConfigurationIsVisible = 0;
			defaultConfigurationName = Release;
		};
		BF5B53DE194DEEE700B2A20A /* Build configuration list for PBXNativeTarget "Yelp" */ = {
			isa = XCConfigurationList;
			buildConfigurations = (
				BF5B53DF194DEEE700B2A20A /* Debug */,
				BF5B53E0194DEEE700B2A20A /* Release */,
			);
			defaultConfigurationIsVisible = 0;
			defaultConfigurationName = Release;
		};
		BF5B53E1194DEEE700B2A20A /* Build configuration list for PBXNativeTarget "YelpTests" */ = {
			isa = XCConfigurationList;
			buildConfigurations = (
				BF5B53E2194DEEE700B2A20A /* Debug */,
				BF5B53E3194DEEE700B2A20A /* Release */,
			);
			defaultConfigurationIsVisible = 0;
			defaultConfigurationName = Release;
		};
/* End XCConfigurationList section */
	};
	rootObject = BF5B53AA194DEEE700B2A20A /* Project object */;
}
